
Microsoft Visual Studio Solution File, Format Version 12.00
Project("{FAE04EC0-301F-11D3-BF4B-00C04F79EFBC}") = "AnteaterPathwayApi", "AnteaterPathwayApi\AnteaterPathwayApi.csproj", "{B49B7619-8B0D-4DF7-BACB-C6D04A473585}"
EndProject
Global
	GlobalSection(SolutionConfigurationPlatforms) = preSolution
		Debug|Any CPU = Debug|Any CPU
		Release|Any CPU = Release|Any CPU
	EndGlobalSection
	GlobalSection(ProjectConfigurationPlatforms) = postSolution
		{B49B7619-8B0D-4DF7-BACB-C6D04A473585}.Debug|Any CPU.ActiveCfg = Debug|Any CPU
		{B49B7619-8B0D-4DF7-BACB-C6D04A473585}.Debug|Any CPU.Build.0 = Debug|Any CPU
		{B49B7619-8B0D-4DF7-BACB-C6D04A473585}.Release|Any CPU.ActiveCfg = Release|Any CPU
		{B49B7619-8B0D-4DF7-BACB-C6D04A473585}.Release|Any CPU.Build.0 = Release|Any CPU
	EndGlobalSection
EndGlobal
