
Microsoft Visual Studio Solution File, Format Version 12.00
Project("{FAE04EC0-301F-11D3-BF4B-00C04F79EFBC}") = "PlannerAPI", "PlannerAPI\PlannerAPI.csproj", "{67DC60C0-4B01-458C-BBD5-C7CC9E563587}"
EndProject
Project("{FAE04EC0-301F-11D3-BF4B-00C04F79EFBC}") = "PlannerAPI.IntegrationTests", "PlannerAPI.IntegrationTests\PlannerAPI.IntegrationTests.csproj", "{67FC7A6F-FE94-4C26-9A57-E29FE32D85EC}"
EndProject
Global
	GlobalSection(SolutionConfigurationPlatforms) = preSolution
		Debug|Any CPU = Debug|Any CPU
		Release|Any CPU = Release|Any CPU
	EndGlobalSection
	GlobalSection(ProjectConfigurationPlatforms) = postSolution
		{67DC60C0-4B01-458C-BBD5-C7CC9E563587}.Debug|Any CPU.ActiveCfg = Debug|Any CPU
		{67DC60C0-4B01-458C-BBD5-C7CC9E563587}.Debug|Any CPU.Build.0 = Debug|Any CPU
		{67DC60C0-4B01-458C-BBD5-C7CC9E563587}.Release|Any CPU.ActiveCfg = Release|Any CPU
		{67DC60C0-4B01-458C-BBD5-C7CC9E563587}.Release|Any CPU.Build.0 = Release|Any CPU
		{67FC7A6F-FE94-4C26-9A57-E29FE32D85EC}.Debug|Any CPU.ActiveCfg = Debug|Any CPU
		{67FC7A6F-FE94-4C26-9A57-E29FE32D85EC}.Debug|Any CPU.Build.0 = Debug|Any CPU
		{67FC7A6F-FE94-4C26-9A57-E29FE32D85EC}.Release|Any CPU.ActiveCfg = Release|Any CPU
		{67FC7A6F-FE94-4C26-9A57-E29FE32D85EC}.Release|Any CPU.Build.0 = Release|Any CPU
	EndGlobalSection
EndGlobal
